{
  "version": 4,
  "terraform_version": "1.8.0",
  "serial": 352,
  "lineage": "60dd890c-9654-d413-cf36-b6f033ce8fa8",
  "outputs": {},
  "resources": [
    {
      "mode": "managed",
      "type": "azurerm_cdn_frontdoor_custom_domain",
      "name": "example",
      "provider": "provider[\"registry.terraform.io/hashicorp/azurerm\"]",
      "instances": [
        {
          "schema_version": 0,
          "attributes": {
            "cdn_frontdoor_profile_id": "/subscriptions/29a44762-a6ac-4a7c-a285-d20941184352/resourceGroups/example-growing-tarpon/providers/Microsoft.Cdn/profiles/MyFrontDoor",
            "dns_zone_id": "",
            "expiration_date": "2024-04-22T06:18:33.4460160+00:00",
            "host_name": "test.from-the-lamp.work",
            "id": "/subscriptions/29a44762-a6ac-4a7c-a285-d20941184352/resourceGroups/example-growing-tarpon/providers/Microsoft.Cdn/profiles/MyFrontDoor/customDomains/MyCustomDomain",
            "name": "MyCustomDomain",
            "timeouts": null,
            "tls": [
              {
                "cdn_frontdoor_secret_id": "",
                "certificate_type": "ManagedCertificate",
                "minimum_tls_version": "TLS12"
              }
            ],
            "validation_token": "bd16mlzsnfmw1xbtwj2jm0frzmfcz3w7"
          },
          "sensitive_attributes": [],
          "private": "eyJlMmJmYjczMC1lY2FhLTExZTYtOGY4OC0zNDM2M2JjN2M0YzAiOnsiY3JlYXRlIjo0MzIwMDAwMDAwMDAwMCwiZGVsZXRlIjo0MzIwMDAwMDAwMDAwMCwicmVhZCI6MzAwMDAwMDAwMDAwLCJ1cGRhdGUiOjg2NDAwMDAwMDAwMDAwfX0=",
          "dependencies": [
            "azurerm_cdn_frontdoor_profile.example",
            "azurerm_resource_group.example",
            "random_pet.resource_group"
          ]
        }
      ]
    },
    {
      "mode": "managed",
      "type": "azurerm_cdn_frontdoor_endpoint",
      "name": "example",
      "provider": "provider[\"registry.terraform.io/hashicorp/azurerm\"]",
      "instances": [
        {
          "schema_version": 0,
          "attributes": {
            "cdn_frontdoor_profile_id": "/subscriptions/29a44762-a6ac-4a7c-a285-d20941184352/resourceGroups/example-growing-tarpon/providers/Microsoft.Cdn/profiles/MyFrontDoor",
            "enabled": true,
            "host_name": "afd-dc35a9ed307156bc-ahe9eee4a5hrbcgb.z02.azurefd.net",
            "id": "/subscriptions/29a44762-a6ac-4a7c-a285-d20941184352/resourceGroups/example-growing-tarpon/providers/Microsoft.Cdn/profiles/MyFrontDoor/afdEndpoints/afd-dc35a9ed307156bc",
            "name": "afd-dc35a9ed307156bc",
            "tags": {},
            "timeouts": null
          },
          "sensitive_attributes": [],
          "private": "eyJlMmJmYjczMC1lY2FhLTExZTYtOGY4OC0zNDM2M2JjN2M0YzAiOnsiY3JlYXRlIjoxODAwMDAwMDAwMDAwLCJkZWxldGUiOjE4MDAwMDAwMDAwMDAsInJlYWQiOjMwMDAwMDAwMDAwMCwidXBkYXRlIjoxODAwMDAwMDAwMDAwfX0=",
          "dependencies": [
            "azurerm_cdn_frontdoor_profile.example",
            "azurerm_resource_group.example",
            "random_id.front_door_endpoint_name",
            "random_pet.resource_group"
          ]
        }
      ]
    },
    {
      "mode": "managed",
      "type": "azurerm_cdn_frontdoor_origin",
      "name": "example",
      "provider": "provider[\"registry.terraform.io/hashicorp/azurerm\"]",
      "instances": [
        {
          "schema_version": 0,
          "attributes": {
            "cdn_frontdoor_origin_group_id": "/subscriptions/29a44762-a6ac-4a7c-a285-d20941184352/resourceGroups/example-growing-tarpon/providers/Microsoft.Cdn/profiles/MyFrontDoor/originGroups/MyOriginGroup",
            "certificate_name_check_enabled": true,
            "enabled": true,
            "health_probes_enabled": true,
            "host_name": "examplestgdc35a9ed307156.blob.core.windows.net",
            "http_port": 80,
            "https_port": 443,
            "id": "/subscriptions/29a44762-a6ac-4a7c-a285-d20941184352/resourceGroups/example-growing-tarpon/providers/Microsoft.Cdn/profiles/MyFrontDoor/originGroups/MyOriginGroup/origins/StaticContentOrigin",
            "name": "StaticContentOrigin",
            "origin_host_header": "examplestgdc35a9ed307156.blob.core.windows.net",
            "priority": 1,
            "private_link": [],
            "timeouts": null,
            "weight": 1000
          },
          "sensitive_attributes": [],
          "private": "eyJlMmJmYjczMC1lY2FhLTExZTYtOGY4OC0zNDM2M2JjN2M0YzAiOnsiY3JlYXRlIjoxODAwMDAwMDAwMDAwLCJkZWxldGUiOjE4MDAwMDAwMDAwMDAsInJlYWQiOjMwMDAwMDAwMDAwMCwidXBkYXRlIjoxODAwMDAwMDAwMDAwfX0=",
          "dependencies": [
            "azurerm_cdn_frontdoor_origin_group.example",
            "azurerm_cdn_frontdoor_profile.example",
            "azurerm_resource_group.example",
            "azurerm_storage_account.example",
            "random_id.front_door_endpoint_name",
            "random_pet.resource_group"
          ]
        }
      ]
    },
    {
      "mode": "managed",
      "type": "azurerm_cdn_frontdoor_origin_group",
      "name": "example",
      "provider": "provider[\"registry.terraform.io/hashicorp/azurerm\"]",
      "instances": [
        {
          "schema_version": 0,
          "attributes": {
            "cdn_frontdoor_profile_id": "/subscriptions/29a44762-a6ac-4a7c-a285-d20941184352/resourceGroups/example-growing-tarpon/providers/Microsoft.Cdn/profiles/MyFrontDoor",
            "health_probe": [
              {
                "interval_in_seconds": 100,
                "path": "/",
                "protocol": "Https",
                "request_type": "HEAD"
              }
            ],
            "id": "/subscriptions/29a44762-a6ac-4a7c-a285-d20941184352/resourceGroups/example-growing-tarpon/providers/Microsoft.Cdn/profiles/MyFrontDoor/originGroups/MyOriginGroup",
            "load_balancing": [
              {
                "additional_latency_in_milliseconds": 50,
                "sample_size": 4,
                "successful_samples_required": 3
              }
            ],
            "name": "MyOriginGroup",
            "restore_traffic_time_to_healed_or_new_endpoint_in_minutes": 10,
            "session_affinity_enabled": true,
            "timeouts": null
          },
          "sensitive_attributes": [],
          "private": "eyJlMmJmYjczMC1lY2FhLTExZTYtOGY4OC0zNDM2M2JjN2M0YzAiOnsiY3JlYXRlIjoxODAwMDAwMDAwMDAwLCJkZWxldGUiOjE4MDAwMDAwMDAwMDAsInJlYWQiOjMwMDAwMDAwMDAwMCwidXBkYXRlIjoxODAwMDAwMDAwMDAwfX0=",
          "dependencies": [
            "azurerm_cdn_frontdoor_profile.example",
            "azurerm_resource_group.example",
            "random_pet.resource_group"
          ]
        }
      ]
    },
    {
      "mode": "managed",
      "type": "azurerm_cdn_frontdoor_profile",
      "name": "example",
      "provider": "provider[\"registry.terraform.io/hashicorp/azurerm\"]",
      "instances": [
        {
          "schema_version": 0,
          "attributes": {
            "id": "/subscriptions/29a44762-a6ac-4a7c-a285-d20941184352/resourceGroups/example-growing-tarpon/providers/Microsoft.Cdn/profiles/MyFrontDoor",
            "name": "MyFrontDoor",
            "resource_group_name": "example-growing-tarpon",
            "resource_guid": "16e8ff62-40f5-49b3-b047-7fe486944554",
            "response_timeout_seconds": 120,
            "sku_name": "Premium_AzureFrontDoor",
            "tags": {},
            "timeouts": null
          },
          "sensitive_attributes": [],
          "private": "eyJlMmJmYjczMC1lY2FhLTExZTYtOGY4OC0zNDM2M2JjN2M0YzAiOnsiY3JlYXRlIjoxODAwMDAwMDAwMDAwLCJkZWxldGUiOjE4MDAwMDAwMDAwMDAsInJlYWQiOjMwMDAwMDAwMDAwMCwidXBkYXRlIjoxODAwMDAwMDAwMDAwfX0=",
          "dependencies": [
            "azurerm_resource_group.example",
            "random_pet.resource_group"
          ]
        }
      ]
    },
    {
      "mode": "managed",
      "type": "azurerm_cdn_frontdoor_route",
      "name": "example",
      "provider": "provider[\"registry.terraform.io/hashicorp/azurerm\"]",
      "instances": [
        {
          "schema_version": 0,
          "attributes": {
            "cache": [],
            "cdn_frontdoor_custom_domain_ids": [],
            "cdn_frontdoor_endpoint_id": "/subscriptions/29a44762-a6ac-4a7c-a285-d20941184352/resourceGroups/example-growing-tarpon/providers/Microsoft.Cdn/profiles/MyFrontDoor/afdEndpoints/afd-dc35a9ed307156bc",
            "cdn_frontdoor_origin_group_id": "/subscriptions/29a44762-a6ac-4a7c-a285-d20941184352/resourceGroups/example-growing-tarpon/providers/Microsoft.Cdn/profiles/MyFrontDoor/originGroups/MyOriginGroup",
            "cdn_frontdoor_origin_ids": [
              "/subscriptions/29a44762-a6ac-4a7c-a285-d20941184352/resourceGroups/example-growing-tarpon/providers/Microsoft.Cdn/profiles/MyFrontDoor/originGroups/MyOriginGroup/origins/StaticContentOrigin"
            ],
            "cdn_frontdoor_origin_path": "",
            "cdn_frontdoor_rule_set_ids": [],
            "enabled": true,
            "forwarding_protocol": "HttpsOnly",
            "https_redirect_enabled": true,
            "id": "/subscriptions/29a44762-a6ac-4a7c-a285-d20941184352/resourceGroups/example-growing-tarpon/providers/Microsoft.Cdn/profiles/MyFrontDoor/afdEndpoints/afd-dc35a9ed307156bc/routes/StaticRoute",
            "link_to_default_domain": true,
            "name": "StaticRoute",
            "patterns_to_match": [
              "/*"
            ],
            "supported_protocols": [
              "Http",
              "Https"
            ],
            "timeouts": null
          },
          "sensitive_attributes": [],
          "private": "eyJlMmJmYjczMC1lY2FhLTExZTYtOGY4OC0zNDM2M2JjN2M0YzAiOnsiY3JlYXRlIjoxODAwMDAwMDAwMDAwLCJkZWxldGUiOjE4MDAwMDAwMDAwMDAsInJlYWQiOjMwMDAwMDAwMDAwMCwidXBkYXRlIjoxODAwMDAwMDAwMDAwfX0=",
          "dependencies": [
            "azurerm_cdn_frontdoor_endpoint.example",
            "azurerm_cdn_frontdoor_origin.example",
            "azurerm_cdn_frontdoor_origin_group.example",
            "azurerm_cdn_frontdoor_profile.example",
            "azurerm_resource_group.example",
            "azurerm_storage_account.example",
            "random_id.front_door_endpoint_name",
            "random_pet.resource_group"
          ]
        }
      ]
    },
    {
      "mode": "managed",
      "type": "azurerm_cdn_frontdoor_rule",
      "name": "example",
      "provider": "provider[\"registry.terraform.io/hashicorp/azurerm\"]",
      "instances": [
        {
          "schema_version": 0,
          "attributes": {
            "actions": [
              {
                "request_header_action": [],
                "response_header_action": [],
                "route_configuration_override_action": [],
                "url_redirect_action": [],
                "url_rewrite_action": [
                  {
                    "destination": "/static/index.html",
                    "preserve_unmatched_path": true,
                    "source_pattern": "/"
                  }
                ]
              }
            ],
            "behavior_on_match": "Continue",
            "cdn_frontdoor_rule_set_id": "/subscriptions/29a44762-a6ac-4a7c-a285-d20941184352/resourceGroups/example-growing-tarpon/providers/Microsoft.Cdn/profiles/MyFrontDoor/ruleSets/exampleruleset",
            "cdn_frontdoor_rule_set_name": "exampleruleset",
            "conditions": [],
            "id": "/subscriptions/29a44762-a6ac-4a7c-a285-d20941184352/resourceGroups/example-growing-tarpon/providers/Microsoft.Cdn/profiles/MyFrontDoor/ruleSets/exampleruleset/rules/examplerule",
            "name": "examplerule",
            "order": 1,
            "timeouts": null
          },
          "sensitive_attributes": [],
          "private": "eyJlMmJmYjczMC1lY2FhLTExZTYtOGY4OC0zNDM2M2JjN2M0YzAiOnsiY3JlYXRlIjoxODAwMDAwMDAwMDAwLCJkZWxldGUiOjE4MDAwMDAwMDAwMDAsInJlYWQiOjMwMDAwMDAwMDAwMCwidXBkYXRlIjoxODAwMDAwMDAwMDAwfX0=",
          "dependencies": [
            "azurerm_cdn_frontdoor_origin.example",
            "azurerm_cdn_frontdoor_origin_group.example",
            "azurerm_cdn_frontdoor_profile.example",
            "azurerm_cdn_frontdoor_rule_set.example",
            "azurerm_resource_group.example",
            "azurerm_storage_account.example",
            "random_id.front_door_endpoint_name",
            "random_pet.resource_group"
          ]
        }
      ]
    },
    {
      "mode": "managed",
      "type": "azurerm_cdn_frontdoor_rule_set",
      "name": "example",
      "provider": "provider[\"registry.terraform.io/hashicorp/azurerm\"]",
      "instances": [
        {
          "schema_version": 0,
          "attributes": {
            "cdn_frontdoor_profile_id": "/subscriptions/29a44762-a6ac-4a7c-a285-d20941184352/resourceGroups/example-growing-tarpon/providers/Microsoft.Cdn/profiles/MyFrontDoor",
            "id": "/subscriptions/29a44762-a6ac-4a7c-a285-d20941184352/resourceGroups/example-growing-tarpon/providers/Microsoft.Cdn/profiles/MyFrontDoor/ruleSets/exampleruleset",
            "name": "exampleruleset",
            "timeouts": null
          },
          "sensitive_attributes": [],
          "private": "eyJlMmJmYjczMC1lY2FhLTExZTYtOGY4OC0zNDM2M2JjN2M0YzAiOnsiY3JlYXRlIjoxODAwMDAwMDAwMDAwLCJkZWxldGUiOjE4MDAwMDAwMDAwMDAsInJlYWQiOjMwMDAwMDAwMDAwMH19",
          "dependencies": [
            "azurerm_cdn_frontdoor_profile.example",
            "azurerm_resource_group.example",
            "random_pet.resource_group"
          ]
        }
      ]
    },
    {
      "mode": "managed",
      "type": "azurerm_resource_group",
      "name": "example",
      "provider": "provider[\"registry.terraform.io/hashicorp/azurerm\"]",
      "instances": [
        {
          "schema_version": 0,
          "attributes": {
            "id": "/subscriptions/29a44762-a6ac-4a7c-a285-d20941184352/resourceGroups/example-growing-tarpon",
            "location": "westus3",
            "managed_by": "",
            "name": "example-growing-tarpon",
            "tags": {},
            "timeouts": null
          },
          "sensitive_attributes": [],
          "private": "eyJlMmJmYjczMC1lY2FhLTExZTYtOGY4OC0zNDM2M2JjN2M0YzAiOnsiY3JlYXRlIjo1NDAwMDAwMDAwMDAwLCJkZWxldGUiOjU0MDAwMDAwMDAwMDAsInJlYWQiOjMwMDAwMDAwMDAwMCwidXBkYXRlIjo1NDAwMDAwMDAwMDAwfX0=",
          "dependencies": [
            "random_pet.resource_group"
          ]
        }
      ]
    },
    {
      "mode": "managed",
      "type": "azurerm_storage_account",
      "name": "example",
      "provider": "provider[\"registry.terraform.io/hashicorp/azurerm\"]",
      "instances": [
        {
          "schema_version": 4,
          "attributes": {
            "access_tier": "Hot",
            "account_kind": "StorageV2",
            "account_replication_type": "LRS",
            "account_tier": "Standard",
            "allow_nested_items_to_be_public": true,
            "allowed_copy_scope": "",
            "azure_files_authentication": [],
            "blob_properties": [
              {
                "change_feed_enabled": false,
                "change_feed_retention_in_days": 0,
                "container_delete_retention_policy": [],
                "cors_rule": [],
                "default_service_version": "",
                "delete_retention_policy": [],
                "last_access_time_enabled": false,
                "restore_policy": [],
                "versioning_enabled": false
              }
            ],
            "cross_tenant_replication_enabled": true,
            "custom_domain": [],
            "customer_managed_key": [],
            "default_to_oauth_authentication": false,
            "dns_endpoint_type": "Standard",
            "edge_zone": "",
            "enable_https_traffic_only": true,
            "id": "/subscriptions/29a44762-a6ac-4a7c-a285-d20941184352/resourceGroups/example-growing-tarpon/providers/Microsoft.Storage/storageAccounts/examplestgdc35a9ed307156",
            "identity": [],
            "immutability_policy": [],
            "infrastructure_encryption_enabled": false,
            "is_hns_enabled": false,
            "large_file_share_enabled": null,
            "local_user_enabled": true,
            "location": "westus3",
            "min_tls_version": "TLS1_2",
            "name": "examplestgdc35a9ed307156",
            "network_rules": [
              {
                "bypass": [
                  "AzureServices"
                ],
                "default_action": "Allow",
                "ip_rules": [],
                "private_link_access": [],
                "virtual_network_subnet_ids": []
              }
            ],
            "nfsv3_enabled": false,
            "primary_access_key": "EOTFt2QWWQEJtCsZHN8u1otYac+six6pnJ+zq+UF2q/96tpHtIFGg1nFEye5okV6wxHJun5+Movc+AStUW9gIQ==",
            "primary_blob_connection_string": "DefaultEndpointsProtocol=https;BlobEndpoint=https://examplestgdc35a9ed307156.blob.core.windows.net/;AccountName=examplestgdc35a9ed307156;AccountKey=EOTFt2QWWQEJtCsZHN8u1otYac+six6pnJ+zq+UF2q/96tpHtIFGg1nFEye5okV6wxHJun5+Movc+AStUW9gIQ==",
            "primary_blob_endpoint": "https://examplestgdc35a9ed307156.blob.core.windows.net/",
            "primary_blob_host": "examplestgdc35a9ed307156.blob.core.windows.net",
            "primary_blob_internet_endpoint": "",
            "primary_blob_internet_host": "",
            "primary_blob_microsoft_endpoint": "",
            "primary_blob_microsoft_host": "",
            "primary_connection_string": "DefaultEndpointsProtocol=https;AccountName=examplestgdc35a9ed307156;AccountKey=EOTFt2QWWQEJtCsZHN8u1otYac+six6pnJ+zq+UF2q/96tpHtIFGg1nFEye5okV6wxHJun5+Movc+AStUW9gIQ==;EndpointSuffix=core.windows.net",
            "primary_dfs_endpoint": "https://examplestgdc35a9ed307156.dfs.core.windows.net/",
            "primary_dfs_host": "examplestgdc35a9ed307156.dfs.core.windows.net",
            "primary_dfs_internet_endpoint": "",
            "primary_dfs_internet_host": "",
            "primary_dfs_microsoft_endpoint": "",
            "primary_dfs_microsoft_host": "",
            "primary_file_endpoint": "https://examplestgdc35a9ed307156.file.core.windows.net/",
            "primary_file_host": "examplestgdc35a9ed307156.file.core.windows.net",
            "primary_file_internet_endpoint": "",
            "primary_file_internet_host": "",
            "primary_file_microsoft_endpoint": "",
            "primary_file_microsoft_host": "",
            "primary_location": "westus3",
            "primary_queue_endpoint": "https://examplestgdc35a9ed307156.queue.core.windows.net/",
            "primary_queue_host": "examplestgdc35a9ed307156.queue.core.windows.net",
            "primary_queue_microsoft_endpoint": "",
            "primary_queue_microsoft_host": "",
            "primary_table_endpoint": "https://examplestgdc35a9ed307156.table.core.windows.net/",
            "primary_table_host": "examplestgdc35a9ed307156.table.core.windows.net",
            "primary_table_microsoft_endpoint": "",
            "primary_table_microsoft_host": "",
            "primary_web_endpoint": "https://examplestgdc35a9ed307156.z1.web.core.windows.net/",
            "primary_web_host": "examplestgdc35a9ed307156.z1.web.core.windows.net",
            "primary_web_internet_endpoint": "",
            "primary_web_internet_host": "",
            "primary_web_microsoft_endpoint": "",
            "primary_web_microsoft_host": "",
            "public_network_access_enabled": true,
            "queue_encryption_key_type": "Service",
            "queue_properties": [
              {
                "cors_rule": [],
                "hour_metrics": [
                  {
                    "enabled": true,
                    "include_apis": true,
                    "retention_policy_days": 7,
                    "version": "1.0"
                  }
                ],
                "logging": [
                  {
                    "delete": false,
                    "read": false,
                    "retention_policy_days": 0,
                    "version": "1.0",
                    "write": false
                  }
                ],
                "minute_metrics": [
                  {
                    "enabled": false,
                    "include_apis": false,
                    "retention_policy_days": 0,
                    "version": "1.0"
                  }
                ]
              }
            ],
            "resource_group_name": "example-growing-tarpon",
            "routing": [],
            "sas_policy": [],
            "secondary_access_key": "biO5YdRrj5MFAk+QD3D5Kyk2he29HxMT7W2TwEmhvgHE27/zu1G4AZQXsHZ1bYF9IyqmFUR5JZft+AStAva8Gg==",
            "secondary_blob_connection_string": "",
            "secondary_blob_endpoint": null,
            "secondary_blob_host": null,
            "secondary_blob_internet_endpoint": null,
            "secondary_blob_internet_host": null,
            "secondary_blob_microsoft_endpoint": null,
            "secondary_blob_microsoft_host": null,
            "secondary_connection_string": "DefaultEndpointsProtocol=https;AccountName=examplestgdc35a9ed307156;AccountKey=biO5YdRrj5MFAk+QD3D5Kyk2he29HxMT7W2TwEmhvgHE27/zu1G4AZQXsHZ1bYF9IyqmFUR5JZft+AStAva8Gg==;EndpointSuffix=core.windows.net",
            "secondary_dfs_endpoint": null,
            "secondary_dfs_host": null,
            "secondary_dfs_internet_endpoint": null,
            "secondary_dfs_internet_host": null,
            "secondary_dfs_microsoft_endpoint": null,
            "secondary_dfs_microsoft_host": null,
            "secondary_file_endpoint": null,
            "secondary_file_host": null,
            "secondary_file_internet_endpoint": null,
            "secondary_file_internet_host": null,
            "secondary_file_microsoft_endpoint": null,
            "secondary_file_microsoft_host": null,
            "secondary_location": "",
            "secondary_queue_endpoint": null,
            "secondary_queue_host": null,
            "secondary_queue_microsoft_endpoint": null,
            "secondary_queue_microsoft_host": null,
            "secondary_table_endpoint": null,
            "secondary_table_host": null,
            "secondary_table_microsoft_endpoint": null,
            "secondary_table_microsoft_host": null,
            "secondary_web_endpoint": null,
            "secondary_web_host": null,
            "secondary_web_internet_endpoint": null,
            "secondary_web_internet_host": null,
            "secondary_web_microsoft_endpoint": null,
            "secondary_web_microsoft_host": null,
            "sftp_enabled": false,
            "share_properties": [
              {
                "cors_rule": [],
                "retention_policy": [
                  {
                    "days": 7
                  }
                ],
                "smb": []
              }
            ],
            "shared_access_key_enabled": true,
            "static_website": [],
            "table_encryption_key_type": "Service",
            "tags": {},
            "timeouts": null
          },
          "sensitive_attributes": [
            [
              {
                "type": "get_attr",
                "value": "primary_blob_connection_string"
              }
            ],
            [
              {
                "type": "get_attr",
                "value": "primary_access_key"
              }
            ],
            [
              {
                "type": "get_attr",
                "value": "secondary_access_key"
              }
            ],
            [
              {
                "type": "get_attr",
                "value": "secondary_connection_string"
              }
            ],
            [
              {
                "type": "get_attr",
                "value": "primary_connection_string"
              }
            ],
            [
              {
                "type": "get_attr",
                "value": "secondary_blob_connection_string"
              }
            ]
          ],
          "private": "eyJlMmJmYjczMC1lY2FhLTExZTYtOGY4OC0zNDM2M2JjN2M0YzAiOnsiY3JlYXRlIjozNjAwMDAwMDAwMDAwLCJkZWxldGUiOjM2MDAwMDAwMDAwMDAsInJlYWQiOjMwMDAwMDAwMDAwMCwidXBkYXRlIjozNjAwMDAwMDAwMDAwfSwic2NoZW1hX3ZlcnNpb24iOiI0In0=",
          "dependencies": [
            "azurerm_resource_group.example",
            "random_id.front_door_endpoint_name",
            "random_pet.resource_group"
          ]
        }
      ]
    },
    {
      "mode": "managed",
      "type": "azurerm_storage_container",
      "name": "example",
      "provider": "provider[\"registry.terraform.io/hashicorp/azurerm\"]",
      "instances": [
        {
          "schema_version": 1,
          "attributes": {
            "container_access_type": "private",
            "has_immutability_policy": false,
            "has_legal_hold": false,
            "id": "https://examplestgdc35a9ed307156.blob.core.windows.net/static",
            "metadata": {},
            "name": "static",
            "resource_manager_id": "/subscriptions/29a44762-a6ac-4a7c-a285-d20941184352/resourceGroups/example-growing-tarpon/providers/Microsoft.Storage/storageAccounts/examplestgdc35a9ed307156/blobServices/default/containers/static",
            "storage_account_name": "examplestgdc35a9ed307156",
            "timeouts": null
          },
          "sensitive_attributes": [],
          "private": "eyJlMmJmYjczMC1lY2FhLTExZTYtOGY4OC0zNDM2M2JjN2M0YzAiOnsiY3JlYXRlIjoxODAwMDAwMDAwMDAwLCJkZWxldGUiOjE4MDAwMDAwMDAwMDAsInJlYWQiOjMwMDAwMDAwMDAwMCwidXBkYXRlIjoxODAwMDAwMDAwMDAwfSwic2NoZW1hX3ZlcnNpb24iOiIxIn0=",
          "dependencies": [
            "azurerm_resource_group.example",
            "azurerm_storage_account.example",
            "random_id.front_door_endpoint_name",
            "random_pet.resource_group"
          ]
        }
      ]
    },
    {
      "mode": "managed",
      "type": "random_id",
      "name": "front_door_endpoint_name",
      "provider": "provider[\"registry.terraform.io/hashicorp/random\"]",
      "instances": [
        {
          "schema_version": 0,
          "attributes": {
            "b64_std": "3DWp7TBxVrw=",
            "b64_url": "3DWp7TBxVrw",
            "byte_length": 8,
            "dec": "15867775698294888124",
            "hex": "dc35a9ed307156bc",
            "id": "3DWp7TBxVrw",
            "keepers": null,
            "prefix": null
          },
          "sensitive_attributes": []
        }
      ]
    },
    {
      "mode": "managed",
      "type": "random_pet",
      "name": "resource_group",
      "provider": "provider[\"registry.terraform.io/hashicorp/random\"]",
      "instances": [
        {
          "schema_version": 0,
          "attributes": {
            "id": "example-growing-tarpon",
            "keepers": null,
            "length": 2,
            "prefix": "example",
            "separator": "-"
          },
          "sensitive_attributes": []
        }
      ]
    }
  ],
  "check_results": null
}
